
Microsoft Visual Studio Solution File, Format Version 12.00
# Visual Studio 15
VisualStudioVersion = 15.0.28010.2019
MinimumVisualStudioVersion = 10.0.40219.1
Project("{FAE04EC0-301F-11D3-BF4B-00C04F79EFBC}") = "LetsTryAngular", "LetsTryAngular\LetsTryAngular.csproj", "{D134455D-094F-47AD-80E1-94DACD3804CD}"
EndProject
Global
	GlobalSection(SolutionConfigurationPlatforms) = preSolution
		Debug|Any CPU = Debug|Any CPU
		Release|Any CPU = Release|Any CPU
	EndGlobalSection
	GlobalSection(ProjectConfigurationPlatforms) = postSolution
		{D134455D-094F-47AD-80E1-94DACD3804CD}.Debug|Any CPU.ActiveCfg = Debug|Any CPU
		{D134455D-094F-47AD-80E1-94DACD3804CD}.Debug|Any CPU.Build.0 = Debug|Any CPU
		{D134455D-094F-47AD-80E1-94DACD3804CD}.Release|Any CPU.ActiveCfg = Release|Any CPU
		{D134455D-094F-47AD-80E1-94DACD3804CD}.Release|Any CPU.Build.0 = Release|Any CPU
	EndGlobalSection
	GlobalSection(SolutionProperties) = preSolution
		HideSolutionNode = FALSE
	EndGlobalSection
	GlobalSection(ExtensibilityGlobals) = postSolution
		SolutionGuid = {F594075B-AC28-42DF-A7DC-EE885458D077}
	EndGlobalSection
EndGlobal
